
Microsoft Visual Studio Solution File, Format Version 12.00
# Visual Studio Version 17
VisualStudioVersion = 17.8.34330.188
MinimumVisualStudioVersion = 10.0.40219.1
Project("{9A19103F-16F7-4668-BE54-9A1E7A4F7556}") = "companyproject", "companyproject\companyproject.csproj", "{DC8D243C-F3B9-4A23-A8F6-7395AFCA74B6}"
EndProject
Global
	GlobalSection(SolutionConfigurationPlatforms) = preSolution
		Debug|Any CPU = Debug|Any CPU
		Release|Any CPU = Release|Any CPU
	EndGlobalSection
	GlobalSection(ProjectConfigurationPlatforms) = postSolution
		{DC8D243C-F3B9-4A23-A8F6-7395AFCA74B6}.Debug|Any CPU.ActiveCfg = Debug|Any CPU
		{DC8D243C-F3B9-4A23-A8F6-7395AFCA74B6}.Debug|Any CPU.Build.0 = Debug|Any CPU
		{DC8D243C-F3B9-4A23-A8F6-7395AFCA74B6}.Release|Any CPU.ActiveCfg = Release|Any CPU
		{DC8D243C-F3B9-4A23-A8F6-7395AFCA74B6}.Release|Any CPU.Build.0 = Release|Any CPU
	EndGlobalSection
	GlobalSection(SolutionProperties) = preSolution
		HideSolutionNode = FALSE
	EndGlobalSection
	GlobalSection(ExtensibilityGlobals) = postSolution
		SolutionGuid = {90B76919-68C2-48AE-A0AE-DABA1DD66212}
	EndGlobalSection
EndGlobal
